
Microsoft Visual Studio Solution File, Format Version 12.00
# Visual Studio 15
Project("{FAE04EC0-301F-11D3-BF4B-00C04F79EFBC}") = "Assembly-CSharp", "Assembly-CSharp.csproj", "{34042BE4-5E78-975E-D0E7-B636293AD474}"
EndProject
Project("{FAE04EC0-301F-11D3-BF4B-00C04F79EFBC}") = "Assembly-CSharp-Editor", "Assembly-CSharp-Editor.csproj", "{B8917202-DE38-6FCC-BE2F-2FBDC01788BC}"
EndProject
Global
	GlobalSection(SolutionConfigurationPlatforms) = preSolution
		Debug|Any CPU = Debug|Any CPU
		Release|Any CPU = Release|Any CPU
	EndGlobalSection
	GlobalSection(ProjectConfigurationPlatforms) = postSolution
		{34042BE4-5E78-975E-D0E7-B636293AD474}.Debug|Any CPU.ActiveCfg = Debug|Any CPU
		{34042BE4-5E78-975E-D0E7-B636293AD474}.Debug|Any CPU.Build.0 = Debug|Any CPU
		{34042BE4-5E78-975E-D0E7-B636293AD474}.Release|Any CPU.ActiveCfg = Release|Any CPU
		{34042BE4-5E78-975E-D0E7-B636293AD474}.Release|Any CPU.Build.0 = Release|Any CPU
		{B8917202-DE38-6FCC-BE2F-2FBDC01788BC}.Debug|Any CPU.ActiveCfg = Debug|Any CPU
		{B8917202-DE38-6FCC-BE2F-2FBDC01788BC}.Debug|Any CPU.Build.0 = Debug|Any CPU
		{B8917202-DE38-6FCC-BE2F-2FBDC01788BC}.Release|Any CPU.ActiveCfg = Release|Any CPU
		{B8917202-DE38-6FCC-BE2F-2FBDC01788BC}.Release|Any CPU.Build.0 = Release|Any CPU
	EndGlobalSection
	GlobalSection(SolutionProperties) = preSolution
		HideSolutionNode = FALSE
	EndGlobalSection
EndGlobal
